// !$*UTF8*$!
{
	archiveVersion = 1;
	classes = {
	};
	objectVersion = 55;
	objects = {

/* Begin PBXBuildFile section */
		9F040719287E64C7005FB875 /* UIApplication+.swift in Sources */ = {isa = PBXBuildFile; fileRef = 9F040718287E64C7005FB875 /* UIApplication+.swift */; };
		9F0E045C286567A4008568E7 /* LoginView.swift in Sources */ = {isa = PBXBuildFile; fileRef = 9F0E045B286567A4008568E7 /* LoginView.swift */; };
		9F0E045E286582A5008568E7 /* BackButton.swift in Sources */ = {isa = PBXBuildFile; fileRef = 9F0E045D286582A5008568E7 /* BackButton.swift */; };
		9F2E1B6128694BC20097B3F1 /* FloatingTextField.swift in Sources */ = {isa = PBXBuildFile; fileRef = 9F2E1B6028694BC20097B3F1 /* FloatingTextField.swift */; };
		9F2E1B6328694D940097B3F1 /* BrilliantCutProB7-Regular.otf in Resources */ = {isa = PBXBuildFile; fileRef = 9F2E1B6228694D940097B3F1 /* BrilliantCutProB7-Regular.otf */; };
		9F2E1B6528695FD90097B3F1 /* Line.swift in Sources */ = {isa = PBXBuildFile; fileRef = 9F2E1B6428695FD90097B3F1 /* Line.swift */; };
		9F2E1B68286979960097B3F1 /* Binding+.swift in Sources */ = {isa = PBXBuildFile; fileRef = 9F2E1B67286979960097B3F1 /* Binding+.swift */; };
		9F4E17E128596AC40041F79E /* ColorResource+SwiftUI.swift in Sources */ = {isa = PBXBuildFile; fileRef = 9F4E17E028596AC40041F79E /* ColorResource+SwiftUI.swift */; };
		9F4E17E328596AD80041F79E /* ImageResource+SwiftUI.swift in Sources */ = {isa = PBXBuildFile; fileRef = 9F4E17E228596AD80041F79E /* ImageResource+SwiftUI.swift */; };
		9F4E17E528596B150041F79E /* FontResource+SwiftUI.swift in Sources */ = {isa = PBXBuildFile; fileRef = 9F4E17E428596B150041F79E /* FontResource+SwiftUI.swift */; };
		9F4E17EE285978BB0041F79E /* BrilliantCutProB7-Medium.otf in Resources */ = {isa = PBXBuildFile; fileRef = 9F4E17ED285978BB0041F79E /* BrilliantCutProB7-Medium.otf */; };
		9F4E17F0285979120041F79E /* BrilliantCutProB7-Bold.otf in Resources */ = {isa = PBXBuildFile; fileRef = 9F4E17EF285979120041F79E /* BrilliantCutProB7-Bold.otf */; };
		9F4E17F72859A3970041F79E /* FancyCutProB7-Regular.otf in Resources */ = {isa = PBXBuildFile; fileRef = 9F4E17F62859A3970041F79E /* FancyCutProB7-Regular.otf */; };
		9F4E17FA2859AF7D0041F79E /* LoginContainerView.swift in Sources */ = {isa = PBXBuildFile; fileRef = 9F4E17F92859AF7D0041F79E /* LoginContainerView.swift */; };
		9F4E18012859B39F0041F79E /* PrimaryButton.swift in Sources */ = {isa = PBXBuildFile; fileRef = 9F4E18002859B39F0041F79E /* PrimaryButton.swift */; };
		9F527BBE285ACCC2002E1484 /* DependencyInjector.swift in Sources */ = {isa = PBXBuildFile; fileRef = 9F527BBD285ACCC2002E1484 /* DependencyInjector.swift */; };
		9F527BC6285AE9A4002E1484 /* Store.swift in Sources */ = {isa = PBXBuildFile; fileRef = 9F527BC5285AE9A4002E1484 /* Store.swift */; };
		9F527BC8285AE9F3002E1484 /* Loadable.swift in Sources */ = {isa = PBXBuildFile; fileRef = 9F527BC7285AE9F3002E1484 /* Loadable.swift */; };
		9F527BCA285AEAC0002E1484 /* CancelBag.swift in Sources */ = {isa = PBXBuildFile; fileRef = 9F527BC9285AEAC0002E1484 /* CancelBag.swift */; };
		9F527BCC285AECA4002E1484 /* AppState.swift in Sources */ = {isa = PBXBuildFile; fileRef = 9F527BCB285AECA4002E1484 /* AppState.swift */; };
		9F527BCE285AF1D9002E1484 /* AppEnvironment.swift in Sources */ = {isa = PBXBuildFile; fileRef = 9F527BCD285AF1D9002E1484 /* AppEnvironment.swift */; };
		9F527BD0285AF44E002E1484 /* SystemEventsHandler.swift in Sources */ = {isa = PBXBuildFile; fileRef = 9F527BCF285AF44E002E1484 /* SystemEventsHandler.swift */; };
		9F527BD3285B05F3002E1484 /* SwiftyBeaver in Frameworks */ = {isa = PBXBuildFile; productRef = 9F527BD2285B05F3002E1484 /* SwiftyBeaver */; };
		9F6851EF285823E6003B7876 /* JewelryApp.swift in Sources */ = {isa = PBXBuildFile; fileRef = 9F6851EE285823E6003B7876 /* JewelryApp.swift */; };
		9F6851F1285823E6003B7876 /* ContentView.swift in Sources */ = {isa = PBXBuildFile; fileRef = 9F6851F0285823E6003B7876 /* ContentView.swift */; };
		9F6851F3285823E8003B7876 /* Assets.xcassets in Resources */ = {isa = PBXBuildFile; fileRef = 9F6851F2285823E8003B7876 /* Assets.xcassets */; };
		9F6851F6285823E8003B7876 /* Preview Assets.xcassets in Resources */ = {isa = PBXBuildFile; fileRef = 9F6851F5285823E8003B7876 /* Preview Assets.xcassets */; };
		9F68520A28583194003B7876 /* Rswift in Frameworks */ = {isa = PBXBuildFile; productRef = 9F68520928583194003B7876 /* Rswift */; };
		9F68520C2858324D003B7876 /* R.generated.swift in Sources */ = {isa = PBXBuildFile; fileRef = 9F68520B2858324D003B7876 /* R.generated.swift */; };
		9F68520E285880F4003B7876 /* OnboardingView.swift in Sources */ = {isa = PBXBuildFile; fileRef = 9F68520D285880F4003B7876 /* OnboardingView.swift */; };
		9F68521028588100003B7876 /* PreLoginView.swift in Sources */ = {isa = PBXBuildFile; fileRef = 9F68520F28588100003B7876 /* PreLoginView.swift */; };
		9F6852132858840F003B7876 /* Colors.xcassets in Resources */ = {isa = PBXBuildFile; fileRef = 9F6852122858840F003B7876 /* Colors.xcassets */; };
		9FA2E62728615CEF001AD6E6 /* Logger.swift in Sources */ = {isa = PBXBuildFile; fileRef = 9FA2E62628615CEF001AD6E6 /* Logger.swift */; };
		9FA2E629286163A0001AD6E6 /* InteractorsContainer.swift in Sources */ = {isa = PBXBuildFile; fileRef = 9FA2E628286163A0001AD6E6 /* InteractorsContainer.swift */; };
		9FA2E62B2861643C001AD6E6 /* LocalAuthenticationInteractor.swift in Sources */ = {isa = PBXBuildFile; fileRef = 9FA2E62A2861643C001AD6E6 /* LocalAuthenticationInteractor.swift */; };
/* End PBXBuildFile section */

/* Begin PBXFileReference section */
		9F040718287E64C7005FB875 /* UIApplication+.swift */ = {isa = PBXFileReference; lastKnownFileType = sourcecode.swift; path = "UIApplication+.swift"; sourceTree = "<group>"; };
		9F0E045B286567A4008568E7 /* LoginView.swift */ = {isa = PBXFileReference; lastKnownFileType = sourcecode.swift; path = LoginView.swift; sourceTree = "<group>"; };
		9F0E045D286582A5008568E7 /* BackButton.swift */ = {isa = PBXFileReference; lastKnownFileType = sourcecode.swift; path = BackButton.swift; sourceTree = "<group>"; };
		9F2E1B6028694BC20097B3F1 /* FloatingTextField.swift */ = {isa = PBXFileReference; lastKnownFileType = sourcecode.swift; path = FloatingTextField.swift; sourceTree = "<group>"; };
		9F2E1B6228694D940097B3F1 /* BrilliantCutProB7-Regular.otf */ = {isa = PBXFileReference; lastKnownFileType = file; path = "BrilliantCutProB7-Regular.otf"; sourceTree = "<group>"; };
		9F2E1B6428695FD90097B3F1 /* Line.swift */ = {isa = PBXFileReference; lastKnownFileType = sourcecode.swift; path = Line.swift; sourceTree = "<group>"; };
		9F2E1B67286979960097B3F1 /* Binding+.swift */ = {isa = PBXFileReference; lastKnownFileType = sourcecode.swift; path = "Binding+.swift"; sourceTree = "<group>"; };
		9F4E17E028596AC40041F79E /* ColorResource+SwiftUI.swift */ = {isa = PBXFileReference; lastKnownFileType = sourcecode.swift; path = "ColorResource+SwiftUI.swift"; sourceTree = "<group>"; };
		9F4E17E228596AD80041F79E /* ImageResource+SwiftUI.swift */ = {isa = PBXFileReference; lastKnownFileType = sourcecode.swift; path = "ImageResource+SwiftUI.swift"; sourceTree = "<group>"; };
		9F4E17E428596B150041F79E /* FontResource+SwiftUI.swift */ = {isa = PBXFileReference; lastKnownFileType = sourcecode.swift; path = "FontResource+SwiftUI.swift"; sourceTree = "<group>"; };
		9F4E17E628596C030041F79E /* Info.plist */ = {isa = PBXFileReference; lastKnownFileType = text.plist.xml; path = Info.plist; sourceTree = "<group>"; };
		9F4E17ED285978BB0041F79E /* BrilliantCutProB7-Medium.otf */ = {isa = PBXFileReference; lastKnownFileType = file; path = "BrilliantCutProB7-Medium.otf"; sourceTree = "<group>"; };
		9F4E17EF285979120041F79E /* BrilliantCutProB7-Bold.otf */ = {isa = PBXFileReference; lastKnownFileType = file; path = "BrilliantCutProB7-Bold.otf"; sourceTree = "<group>"; };
		9F4E17F62859A3970041F79E /* FancyCutProB7-Regular.otf */ = {isa = PBXFileReference; lastKnownFileType = file; path = "FancyCutProB7-Regular.otf"; sourceTree = "<group>"; };
		9F4E17F92859AF7D0041F79E /* LoginContainerView.swift */ = {isa = PBXFileReference; lastKnownFileType = sourcecode.swift; path = LoginContainerView.swift; sourceTree = "<group>"; };
		9F4E18002859B39F0041F79E /* PrimaryButton.swift */ = {isa = PBXFileReference; lastKnownFileType = sourcecode.swift; path = PrimaryButton.swift; sourceTree = "<group>"; };
		9F527BBD285ACCC2002E1484 /* DependencyInjector.swift */ = {isa = PBXFileReference; lastKnownFileType = sourcecode.swift; path = DependencyInjector.swift; sourceTree = "<group>"; };
		9F527BC5285AE9A4002E1484 /* Store.swift */ = {isa = PBXFileReference; lastKnownFileType = sourcecode.swift; path = Store.swift; sourceTree = "<group>"; };
		9F527BC7285AE9F3002E1484 /* Loadable.swift */ = {isa = PBXFileReference; lastKnownFileType = sourcecode.swift; path = Loadable.swift; sourceTree = "<group>"; };
		9F527BC9285AEAC0002E1484 /* CancelBag.swift */ = {isa = PBXFileReference; lastKnownFileType = sourcecode.swift; path = CancelBag.swift; sourceTree = "<group>"; };
		9F527BCB285AECA4002E1484 /* AppState.swift */ = {isa = PBXFileReference; lastKnownFileType = sourcecode.swift; path = AppState.swift; sourceTree = "<group>"; };
		9F527BCD285AF1D9002E1484 /* AppEnvironment.swift */ = {isa = PBXFileReference; lastKnownFileType = sourcecode.swift; path = AppEnvironment.swift; sourceTree = "<group>"; };
		9F527BCF285AF44E002E1484 /* SystemEventsHandler.swift */ = {isa = PBXFileReference; lastKnownFileType = sourcecode.swift; path = SystemEventsHandler.swift; sourceTree = "<group>"; };
		9F6851EB285823E6003B7876 /* Jewelry.app */ = {isa = PBXFileReference; explicitFileType = wrapper.application; includeInIndex = 0; path = Jewelry.app; sourceTree = BUILT_PRODUCTS_DIR; };
		9F6851EE285823E6003B7876 /* JewelryApp.swift */ = {isa = PBXFileReference; lastKnownFileType = sourcecode.swift; path = JewelryApp.swift; sourceTree = "<group>"; };
		9F6851F0285823E6003B7876 /* ContentView.swift */ = {isa = PBXFileReference; lastKnownFileType = sourcecode.swift; path = ContentView.swift; sourceTree = "<group>"; };
		9F6851F2285823E8003B7876 /* Assets.xcassets */ = {isa = PBXFileReference; lastKnownFileType = folder.assetcatalog; path = Assets.xcassets; sourceTree = "<group>"; };
		9F6851F5285823E8003B7876 /* Preview Assets.xcassets */ = {isa = PBXFileReference; lastKnownFileType = folder.assetcatalog; path = "Preview Assets.xcassets"; sourceTree = "<group>"; };
		9F68520B2858324D003B7876 /* R.generated.swift */ = {isa = PBXFileReference; fileEncoding = 4; lastKnownFileType = sourcecode.swift; path = R.generated.swift; sourceTree = "<group>"; };
		9F68520D285880F4003B7876 /* OnboardingView.swift */ = {isa = PBXFileReference; lastKnownFileType = sourcecode.swift; path = OnboardingView.swift; sourceTree = "<group>"; };
		9F68520F28588100003B7876 /* PreLoginView.swift */ = {isa = PBXFileReference; lastKnownFileType = sourcecode.swift; path = PreLoginView.swift; sourceTree = "<group>"; };
		9F6852122858840F003B7876 /* Colors.xcassets */ = {isa = PBXFileReference; lastKnownFileType = folder.assetcatalog; path = Colors.xcassets; sourceTree = "<group>"; };
		9FA2E62628615CEF001AD6E6 /* Logger.swift */ = {isa = PBXFileReference; lastKnownFileType = sourcecode.swift; path = Logger.swift; sourceTree = "<group>"; };
		9FA2E628286163A0001AD6E6 /* InteractorsContainer.swift */ = {isa = PBXFileReference; lastKnownFileType = sourcecode.swift; path = InteractorsContainer.swift; sourceTree = "<group>"; };
		9FA2E62A2861643C001AD6E6 /* LocalAuthenticationInteractor.swift */ = {isa = PBXFileReference; lastKnownFileType = sourcecode.swift; path = LocalAuthenticationInteractor.swift; sourceTree = "<group>"; };
/* End PBXFileReference section */

/* Begin PBXFrameworksBuildPhase section */
		9F6851E8285823E6003B7876 /* Frameworks */ = {
			isa = PBXFrameworksBuildPhase;
			buildActionMask = 2147483647;
			files = (
				9F68520A28583194003B7876 /* Rswift in Frameworks */,
				9F527BD3285B05F3002E1484 /* SwiftyBeaver in Frameworks */,
			);
			runOnlyForDeploymentPostprocessing = 0;
		};
/* End PBXFrameworksBuildPhase section */

/* Begin PBXGroup section */
		9F2E1B66286979840097B3F1 /* Extensions */ = {
			isa = PBXGroup;
			children = (
				9F2E1B67286979960097B3F1 /* Binding+.swift */,
				9F040718287E64C7005FB875 /* UIApplication+.swift */,
			);
			path = Extensions;
			sourceTree = "<group>";
		};
		9F4E17DF28596A9A0041F79E /* R+SwiftUI */ = {
			isa = PBXGroup;
			children = (
				9F4E17E028596AC40041F79E /* ColorResource+SwiftUI.swift */,
				9F4E17E228596AD80041F79E /* ImageResource+SwiftUI.swift */,
				9F4E17E428596B150041F79E /* FontResource+SwiftUI.swift */,
			);
			path = "R+SwiftUI";
			sourceTree = "<group>";
		};
		9F4E17E7285970880041F79E /* UI */ = {
			isa = PBXGroup;
			children = (
				9F4E17FB2859AFDE0041F79E /* Components */,
				9F4E17E8285970C80041F79E /* Modifiers */,
			);
			path = UI;
			sourceTree = "<group>";
		};
		9F4E17E8285970C80041F79E /* Modifiers */ = {
			isa = PBXGroup;
			children = (
			);
			path = Modifiers;
			sourceTree = "<group>";
		};
		9F4E17EB285978920041F79E /* Fonts */ = {
			isa = PBXGroup;
			children = (
				9F4E17F32859A2580041F79E /* FancyCutPro */,
				9F4E17EC285978A00041F79E /* BriilliantCutPro */,
			);
			path = Fonts;
			sourceTree = "<group>";
		};
		9F4E17EC285978A00041F79E /* BriilliantCutPro */ = {
			isa = PBXGroup;
			children = (
				9F2E1B6228694D940097B3F1 /* BrilliantCutProB7-Regular.otf */,
				9F4E17ED285978BB0041F79E /* BrilliantCutProB7-Medium.otf */,
				9F4E17EF285979120041F79E /* BrilliantCutProB7-Bold.otf */,
			);
			path = BriilliantCutPro;
			sourceTree = "<group>";
		};
		9F4E17F32859A2580041F79E /* FancyCutPro */ = {
			isa = PBXGroup;
			children = (
				9F4E17F62859A3970041F79E /* FancyCutProB7-Regular.otf */,
			);
			path = FancyCutPro;
			sourceTree = "<group>";
		};
		9F4E17F82859AF5E0041F79E /* Components */ = {
			isa = PBXGroup;
			children = (
				9F4E17F92859AF7D0041F79E /* LoginContainerView.swift */,
			);
			path = Components;
			sourceTree = "<group>";
		};
		9F4E17FB2859AFDE0041F79E /* Components */ = {
			isa = PBXGroup;
			children = (
				9F4E18002859B39F0041F79E /* PrimaryButton.swift */,
				9F0E045D286582A5008568E7 /* BackButton.swift */,
				9F2E1B6028694BC20097B3F1 /* FloatingTextField.swift */,
				9F2E1B6428695FD90097B3F1 /* Line.swift */,
			);
			path = Components;
			sourceTree = "<group>";
		};
		9F527BBC285ACC9F002E1484 /* Injected */ = {
			isa = PBXGroup;
			children = (
				9F527BCB285AECA4002E1484 /* AppState.swift */,
				9FA2E628286163A0001AD6E6 /* InteractorsContainer.swift */,
				9F527BBD285ACCC2002E1484 /* DependencyInjector.swift */,
			);
			path = Injected;
			sourceTree = "<group>";
		};
		9F527BBF285ADFF3002E1484 /* Interactors */ = {
			isa = PBXGroup;
			children = (
				9FA2E62A2861643C001AD6E6 /* LocalAuthenticationInteractor.swift */,
			);
			path = Interactors;
			sourceTree = "<group>";
		};
		9F527BC4285AE998002E1484 /* Utilities */ = {
			isa = PBXGroup;
			children = (
				9F527BC5285AE9A4002E1484 /* Store.swift */,
				9F527BC7285AE9F3002E1484 /* Loadable.swift */,
				9F527BC9285AEAC0002E1484 /* CancelBag.swift */,
				9FA2E62628615CEF001AD6E6 /* Logger.swift */,
			);
			path = Utilities;
			sourceTree = "<group>";
		};
		9F6851E2285823E6003B7876 = {
			isa = PBXGroup;
			children = (
				9F6851ED285823E6003B7876 /* Jewelry */,
				9F6851EC285823E6003B7876 /* Products */,
			);
			sourceTree = "<group>";
		};
		9F6851EC285823E6003B7876 /* Products */ = {
			isa = PBXGroup;
			children = (
				9F6851EB285823E6003B7876 /* Jewelry.app */,
			);
			name = Products;
			sourceTree = "<group>";
		};
		9F6851ED285823E6003B7876 /* Jewelry */ = {
			isa = PBXGroup;
			children = (
				9F6851FD28582E6B003B7876 /* System */,
				9F527BBC285ACC9F002E1484 /* Injected */,
				9F527BC4285AE998002E1484 /* Utilities */,
				9F2E1B66286979840097B3F1 /* Extensions */,
				9F527BBF285ADFF3002E1484 /* Interactors */,
				9F4E17E7285970880041F79E /* UI */,
				9F6851FC28582E42003B7876 /* Modules */,
				9F68520028582EA0003B7876 /* Resources */,
			);
			path = Jewelry;
			sourceTree = "<group>";
		};
		9F6851FC28582E42003B7876 /* Modules */ = {
			isa = PBXGroup;
			children = (
				9FA2E62C2861B425001AD6E6 /* Screens */,
				9F4E17F82859AF5E0041F79E /* Components */,
			);
			path = Modules;
			sourceTree = "<group>";
		};
		9F6851FD28582E6B003B7876 /* System */ = {
			isa = PBXGroup;
			children = (
				9F6851EE285823E6003B7876 /* JewelryApp.swift */,
				9F527BCD285AF1D9002E1484 /* AppEnvironment.swift */,
				9F527BCF285AF44E002E1484 /* SystemEventsHandler.swift */,
			);
			path = System;
			sourceTree = "<group>";
		};
		9F68520028582EA0003B7876 /* Resources */ = {
			isa = PBXGroup;
			children = (
				9F4E17E628596C030041F79E /* Info.plist */,
				9F4E17EB285978920041F79E /* Fonts */,
				9F4E17DF28596A9A0041F79E /* R+SwiftUI */,
				9F68520B2858324D003B7876 /* R.generated.swift */,
				9F6851F2285823E8003B7876 /* Assets.xcassets */,
				9F6852122858840F003B7876 /* Colors.xcassets */,
				9F6851F5285823E8003B7876 /* Preview Assets.xcassets */,
			);
			path = Resources;
			sourceTree = "<group>";
		};
		9FA2E62C2861B425001AD6E6 /* Screens */ = {
			isa = PBXGroup;
			children = (
				9F6851F0285823E6003B7876 /* ContentView.swift */,
				9F68520F28588100003B7876 /* PreLoginView.swift */,
				9F0E045B286567A4008568E7 /* LoginView.swift */,
				9F68520D285880F4003B7876 /* OnboardingView.swift */,
			);
			path = Screens;
			sourceTree = "<group>";
		};
/* End PBXGroup section */

/* Begin PBXNativeTarget section */
		9F6851EA285823E6003B7876 /* Jewelry */ = {
			isa = PBXNativeTarget;
			buildConfigurationList = 9F6851F9285823E8003B7876 /* Build configuration list for PBXNativeTarget "Jewelry" */;
			buildPhases = (
				9F68520728583116003B7876 /* R.swift */,
				9F6851E7285823E6003B7876 /* Sources */,
				9F6851E8285823E6003B7876 /* Frameworks */,
				9F6851E9285823E6003B7876 /* Resources */,
			);
			buildRules = (
			);
			dependencies = (
			);
			name = Jewelry;
			packageProductDependencies = (
				9F68520928583194003B7876 /* Rswift */,
				9F527BD2285B05F3002E1484 /* SwiftyBeaver */,
			);
			productName = Jewelry;
			productReference = 9F6851EB285823E6003B7876 /* Jewelry.app */;
			productType = "com.apple.product-type.application";
		};
/* End PBXNativeTarget section */

/* Begin PBXProject section */
		9F6851E3285823E6003B7876 /* Project object */ = {
			isa = PBXProject;
			attributes = {
				BuildIndependentTargetsInParallel = 1;
				LastSwiftUpdateCheck = 1340;
				LastUpgradeCheck = 1340;
				TargetAttributes = {
					9F6851EA285823E6003B7876 = {
						CreatedOnToolsVersion = 13.4;
					};
				};
			};
			buildConfigurationList = 9F6851E6285823E6003B7876 /* Build configuration list for PBXProject "Jewelry" */;
			compatibilityVersion = "Xcode 13.0";
			developmentRegion = en;
			hasScannedForEncodings = 0;
			knownRegions = (
				en,
				Base,
			);
			mainGroup = 9F6851E2285823E6003B7876;
			packageReferences = (
				9F68520828583194003B7876 /* XCRemoteSwiftPackageReference "R.swift" */,
				9F527BD1285B05F3002E1484 /* XCRemoteSwiftPackageReference "SwiftyBeaver" */,
			);
			productRefGroup = 9F6851EC285823E6003B7876 /* Products */;
			projectDirPath = "";
			projectRoot = "";
			targets = (
				9F6851EA285823E6003B7876 /* Jewelry */,
			);
		};
/* End PBXProject section */

/* Begin PBXResourcesBuildPhase section */
		9F6851E9285823E6003B7876 /* Resources */ = {
			isa = PBXResourcesBuildPhase;
			buildActionMask = 2147483647;
			files = (
				9F4E17EE285978BB0041F79E /* BrilliantCutProB7-Medium.otf in Resources */,
				9F4E17F72859A3970041F79E /* FancyCutProB7-Regular.otf in Resources */,
				9F6852132858840F003B7876 /* Colors.xcassets in Resources */,
				9F2E1B6328694D940097B3F1 /* BrilliantCutProB7-Regular.otf in Resources */,
				9F6851F6285823E8003B7876 /* Preview Assets.xcassets in Resources */,
				9F4E17F0285979120041F79E /* BrilliantCutProB7-Bold.otf in Resources */,
				9F6851F3285823E8003B7876 /* Assets.xcassets in Resources */,
			);
			runOnlyForDeploymentPostprocessing = 0;
		};
/* End PBXResourcesBuildPhase section */

/* Begin PBXShellScriptBuildPhase section */
		9F68520728583116003B7876 /* R.swift */ = {
			isa = PBXShellScriptBuildPhase;
			alwaysOutOfDate = 1;
			buildActionMask = 2147483647;
			files = (
			);
			inputFileListPaths = (
			);
			inputPaths = (
			);
			name = R.swift;
			outputFileListPaths = (
			);
			outputPaths = (
				$SRCROOT/Jewelry/Resources/R.generated.swift,
			);
			runOnlyForDeploymentPostprocessing = 0;
			shellPath = /bin/sh;
			shellScript = "\"$SRCROOT/rswift\" generate \"$SRCROOT/Jewelry/Resources/R.generated.swift\"\n";
		};
/* End PBXShellScriptBuildPhase section */

/* Begin PBXSourcesBuildPhase section */
		9F6851E7285823E6003B7876 /* Sources */ = {
			isa = PBXSourcesBuildPhase;
			buildActionMask = 2147483647;
			files = (
				9F6851F1285823E6003B7876 /* ContentView.swift in Sources */,
				9F68520E285880F4003B7876 /* OnboardingView.swift in Sources */,
				9F040719287E64C7005FB875 /* UIApplication+.swift in Sources */,
				9F0E045E286582A5008568E7 /* BackButton.swift in Sources */,
				9F4E17E128596AC40041F79E /* ColorResource+SwiftUI.swift in Sources */,
				9F4E17E328596AD80041F79E /* ImageResource+SwiftUI.swift in Sources */,
				9F2E1B68286979960097B3F1 /* Binding+.swift in Sources */,
				9F4E17E528596B150041F79E /* FontResource+SwiftUI.swift in Sources */,
				9FA2E629286163A0001AD6E6 /* InteractorsContainer.swift in Sources */,
				9F527BCA285AEAC0002E1484 /* CancelBag.swift in Sources */,
				9F4E18012859B39F0041F79E /* PrimaryButton.swift in Sources */,
				9F6851EF285823E6003B7876 /* JewelryApp.swift in Sources */,
				9FA2E62728615CEF001AD6E6 /* Logger.swift in Sources */,
				9F527BBE285ACCC2002E1484 /* DependencyInjector.swift in Sources */,
				9FA2E62B2861643C001AD6E6 /* LocalAuthenticationInteractor.swift in Sources */,
				9F527BD0285AF44E002E1484 /* SystemEventsHandler.swift in Sources */,
				9F527BCC285AECA4002E1484 /* AppState.swift in Sources */,
				9F527BC6285AE9A4002E1484 /* Store.swift in Sources */,
				9F2E1B6128694BC20097B3F1 /* FloatingTextField.swift in Sources */,
				9F0E045C286567A4008568E7 /* LoginView.swift in Sources */,
				9F527BC8285AE9F3002E1484 /* Loadable.swift in Sources */,
				9F527BCE285AF1D9002E1484 /* AppEnvironment.swift in Sources */,
				9F68521028588100003B7876 /* PreLoginView.swift in Sources */,
				9F2E1B6528695FD90097B3F1 /* Line.swift in Sources */,
				9F4E17FA2859AF7D0041F79E /* LoginContainerView.swift in Sources */,
				9F68520C2858324D003B7876 /* R.generated.swift in Sources */,
			);
			runOnlyForDeploymentPostprocessing = 0;
		};
/* End PBXSourcesBuildPhase section */

/* Begin XCBuildConfiguration section */
		9F6851F7285823E8003B7876 /* Debug */ = {
			isa = XCBuildConfiguration;
			buildSettings = {
				ALWAYS_SEARCH_USER_PATHS = NO;
				CLANG_ANALYZER_NONNULL = YES;
				CLANG_ANALYZER_NUMBER_OBJECT_CONVERSION = YES_AGGRESSIVE;
				CLANG_CXX_LANGUAGE_STANDARD = "gnu++17";
				CLANG_ENABLE_MODULES = YES;
				CLANG_ENABLE_OBJC_ARC = YES;
				CLANG_ENABLE_OBJC_WEAK = YES;
				CLANG_WARN_BLOCK_CAPTURE_AUTORELEASING = YES;
				CLANG_WARN_BOOL_CONVERSION = YES;
				CLANG_WARN_COMMA = YES;
				CLANG_WARN_CONSTANT_CONVERSION = YES;
				CLANG_WARN_DEPRECATED_OBJC_IMPLEMENTATIONS = YES;
				CLANG_WARN_DIRECT_OBJC_ISA_USAGE = YES_ERROR;
				CLANG_WARN_DOCUMENTATION_COMMENTS = YES;
				CLANG_WARN_EMPTY_BODY = YES;
				CLANG_WARN_ENUM_CONVERSION = YES;
				CLANG_WARN_INFINITE_RECURSION = YES;
				CLANG_WARN_INT_CONVERSION = YES;
				CLANG_WARN_NON_LITERAL_NULL_CONVERSION = YES;
				CLANG_WARN_OBJC_IMPLICIT_RETAIN_SELF = YES;
				CLANG_WARN_OBJC_LITERAL_CONVERSION = YES;
				CLANG_WARN_OBJC_ROOT_CLASS = YES_ERROR;
				CLANG_WARN_QUOTED_INCLUDE_IN_FRAMEWORK_HEADER = YES;
				CLANG_WARN_RANGE_LOOP_ANALYSIS = YES;
				CLANG_WARN_STRICT_PROTOTYPES = YES;
				CLANG_WARN_SUSPICIOUS_MOVE = YES;
				CLANG_WARN_UNGUARDED_AVAILABILITY = YES_AGGRESSIVE;
				CLANG_WARN_UNREACHABLE_CODE = YES;
				CLANG_WARN__DUPLICATE_METHOD_MATCH = YES;
				COPY_PHASE_STRIP = NO;
				DEBUG_INFORMATION_FORMAT = dwarf;
				ENABLE_STRICT_OBJC_MSGSEND = YES;
				ENABLE_TESTABILITY = YES;
				GCC_C_LANGUAGE_STANDARD = gnu11;
				GCC_DYNAMIC_NO_PIC = NO;
				GCC_NO_COMMON_BLOCKS = YES;
				GCC_OPTIMIZATION_LEVEL = 0;
				GCC_PREPROCESSOR_DEFINITIONS = (
					"DEBUG=1",
					"$(inherited)",
				);
				GCC_WARN_64_TO_32_BIT_CONVERSION = YES;
				GCC_WARN_ABOUT_RETURN_TYPE = YES_ERROR;
				GCC_WARN_UNDECLARED_SELECTOR = YES;
				GCC_WARN_UNINITIALIZED_AUTOS = YES_AGGRESSIVE;
				GCC_WARN_UNUSED_FUNCTION = YES;
				GCC_WARN_UNUSED_VARIABLE = YES;
				IPHONEOS_DEPLOYMENT_TARGET = 15.5;
				MTL_ENABLE_DEBUG_INFO = INCLUDE_SOURCE;
				MTL_FAST_MATH = YES;
				ONLY_ACTIVE_ARCH = YES;
				SDKROOT = iphoneos;
				SWIFT_ACTIVE_COMPILATION_CONDITIONS = DEBUG;
				SWIFT_OPTIMIZATION_LEVEL = "-Onone";
			};
			name = Debug;
		};
		9F6851F8285823E8003B7876 /* Release */ = {
			isa = XCBuildConfiguration;
			buildSettings = {
				ALWAYS_SEARCH_USER_PATHS = NO;
				CLANG_ANALYZER_NONNULL = YES;
				CLANG_ANALYZER_NUMBER_OBJECT_CONVERSION = YES_AGGRESSIVE;
				CLANG_CXX_LANGUAGE_STANDARD = "gnu++17";
				CLANG_ENABLE_MODULES = YES;
				CLANG_ENABLE_OBJC_ARC = YES;
				CLANG_ENABLE_OBJC_WEAK = YES;
				CLANG_WARN_BLOCK_CAPTURE_AUTORELEASING = YES;
				CLANG_WARN_BOOL_CONVERSION = YES;
				CLANG_WARN_COMMA = YES;
				CLANG_WARN_CONSTANT_CONVERSION = YES;
				CLANG_WARN_DEPRECATED_OBJC_IMPLEMENTATIONS = YES;
				CLANG_WARN_DIRECT_OBJC_ISA_USAGE = YES_ERROR;
				CLANG_WARN_DOCUMENTATION_COMMENTS = YES;
				CLANG_WARN_EMPTY_BODY = YES;
				CLANG_WARN_ENUM_CONVERSION = YES;
				CLANG_WARN_INFINITE_RECURSION = YES;
				CLANG_WARN_INT_CONVERSION = YES;
				CLANG_WARN_NON_LITERAL_NULL_CONVERSION = YES;
				CLANG_WARN_OBJC_IMPLICIT_RETAIN_SELF = YES;
				CLANG_WARN_OBJC_LITERAL_CONVERSION = YES;
				CLANG_WARN_OBJC_ROOT_CLASS = YES_ERROR;
				CLANG_WARN_QUOTED_INCLUDE_IN_FRAMEWORK_HEADER = YES;
				CLANG_WARN_RANGE_LOOP_ANALYSIS = YES;
				CLANG_WARN_STRICT_PROTOTYPES = YES;
				CLANG_WARN_SUSPICIOUS_MOVE = YES;
				CLANG_WARN_UNGUARDED_AVAILABILITY = YES_AGGRESSIVE;
				CLANG_WARN_UNREACHABLE_CODE = YES;
				CLANG_WARN__DUPLICATE_METHOD_MATCH = YES;
				COPY_PHASE_STRIP = NO;
				DEBUG_INFORMATION_FORMAT = "dwarf-with-dsym";
				ENABLE_NS_ASSERTIONS = NO;
				ENABLE_STRICT_OBJC_MSGSEND = YES;
				GCC_C_LANGUAGE_STANDARD = gnu11;
				GCC_NO_COMMON_BLOCKS = YES;
				GCC_WARN_64_TO_32_BIT_CONVERSION = YES;
				GCC_WARN_ABOUT_RETURN_TYPE = YES_ERROR;
				GCC_WARN_UNDECLARED_SELECTOR = YES;
				GCC_WARN_UNINITIALIZED_AUTOS = YES_AGGRESSIVE;
				GCC_WARN_UNUSED_FUNCTION = YES;
				GCC_WARN_UNUSED_VARIABLE = YES;
				IPHONEOS_DEPLOYMENT_TARGET = 15.5;
				MTL_ENABLE_DEBUG_INFO = NO;
				MTL_FAST_MATH = YES;
				SDKROOT = iphoneos;
				SWIFT_COMPILATION_MODE = wholemodule;
				SWIFT_OPTIMIZATION_LEVEL = "-O";
				VALIDATE_PRODUCT = YES;
			};
			name = Release;
		};
		9F6851FA285823E8003B7876 /* Debug */ = {
			isa = XCBuildConfiguration;
			buildSettings = {
				ASSETCATALOG_COMPILER_APPICON_NAME = AppIcon;
				CODE_SIGN_STYLE = Automatic;
				CURRENT_PROJECT_VERSION = 1;
				DEVELOPMENT_ASSET_PATHS = "\"Jewelry/Resources\"";
				ENABLE_PREVIEWS = YES;
				GENERATE_INFOPLIST_FILE = YES;
				INFOPLIST_FILE = Jewelry/Resources/Info.plist;
				INFOPLIST_KEY_NSFaceIDUsageDescription = "The app needs to authenticate using the Face ID.";
				INFOPLIST_KEY_UIApplicationSceneManifest_Generation = YES;
				INFOPLIST_KEY_UIApplicationSupportsIndirectInputEvents = YES;
				INFOPLIST_KEY_UISupportedInterfaceOrientations = UIInterfaceOrientationPortrait;
				IPHONEOS_DEPLOYMENT_TARGET = 15.0;
				LD_RUNPATH_SEARCH_PATHS = (
					"$(inherited)",
					"@executable_path/Frameworks",
				);
				MARKETING_VERSION = 1.0.0;
				PRODUCT_BUNDLE_IDENTIFIER = com.jhrasco.Jewelry;
				PRODUCT_NAME = "$(TARGET_NAME)";
				SWIFT_EMIT_LOC_STRINGS = YES;
				SWIFT_VERSION = 5.0;
				TARGETED_DEVICE_FAMILY = 1;
			};
			name = Debug;
		};
		9F6851FB285823E8003B7876 /* Release */ = {
			isa = XCBuildConfiguration;
			buildSettings = {
				ASSETCATALOG_COMPILER_APPICON_NAME = AppIcon;
				CODE_SIGN_STYLE = Automatic;
				CURRENT_PROJECT_VERSION = 1;
				DEVELOPMENT_ASSET_PATHS = "\"Jewelry/Resources\"";
				ENABLE_PREVIEWS = YES;
				GENERATE_INFOPLIST_FILE = YES;
				INFOPLIST_FILE = Jewelry/Resources/Info.plist;
				INFOPLIST_KEY_NSFaceIDUsageDescription = "The app needs to authenticate using the Face ID.";
				INFOPLIST_KEY_UIApplicationSceneManifest_Generation = YES;
				INFOPLIST_KEY_UIApplicationSupportsIndirectInputEvents = YES;
				INFOPLIST_KEY_UISupportedInterfaceOrientations = UIInterfaceOrientationPortrait;
				IPHONEOS_DEPLOYMENT_TARGET = 15.0;
				LD_RUNPATH_SEARCH_PATHS = (
					"$(inherited)",
					"@executable_path/Frameworks",
				);
				MARKETING_VERSION = 1.0.0;
				PRODUCT_BUNDLE_IDENTIFIER = com.jhrasco.Jewelry;
				PRODUCT_NAME = "$(TARGET_NAME)";
				SWIFT_EMIT_LOC_STRINGS = YES;
				SWIFT_VERSION = 5.0;
				TARGETED_DEVICE_FAMILY = 1;
			};
			name = Release;
		};
/* End XCBuildConfiguration section */

/* Begin XCConfigurationList section */
		9F6851E6285823E6003B7876 /* Build configuration list for PBXProject "Jewelry" */ = {
			isa = XCConfigurationList;
			buildConfigurations = (
				9F6851F7285823E8003B7876 /* Debug */,
				9F6851F8285823E8003B7876 /* Release */,
			);
			defaultConfigurationIsVisible = 0;
			defaultConfigurationName = Release;
		};
		9F6851F9285823E8003B7876 /* Build configuration list for PBXNativeTarget "Jewelry" */ = {
			isa = XCConfigurationList;
			buildConfigurations = (
				9F6851FA285823E8003B7876 /* Debug */,
				9F6851FB285823E8003B7876 /* Release */,
			);
			defaultConfigurationIsVisible = 0;
			defaultConfigurationName = Release;
		};
/* End XCConfigurationList section */

/* Begin XCRemoteSwiftPackageReference section */
		9F527BD1285B05F3002E1484 /* XCRemoteSwiftPackageReference "SwiftyBeaver" */ = {
			isa = XCRemoteSwiftPackageReference;
			repositoryURL = "https://github.com/SwiftyBeaver/SwiftyBeaver.git";
			requirement = {
				kind = upToNextMajorVersion;
				minimumVersion = 1.9.0;
			};
		};
		9F68520828583194003B7876 /* XCRemoteSwiftPackageReference "R.swift" */ = {
			isa = XCRemoteSwiftPackageReference;
			repositoryURL = "https://github.com/mac-cain13/R.swift.Library";
			requirement = {
				kind = upToNextMajorVersion;
				minimumVersion = 5.4.0;
			};
		};
/* End XCRemoteSwiftPackageReference section */

/* Begin XCSwiftPackageProductDependency section */
		9F527BD2285B05F3002E1484 /* SwiftyBeaver */ = {
			isa = XCSwiftPackageProductDependency;
			package = 9F527BD1285B05F3002E1484 /* XCRemoteSwiftPackageReference "SwiftyBeaver" */;
			productName = SwiftyBeaver;
		};
		9F68520928583194003B7876 /* Rswift */ = {
			isa = XCSwiftPackageProductDependency;
			package = 9F68520828583194003B7876 /* XCRemoteSwiftPackageReference "R.swift" */;
			productName = Rswift;
		};
/* End XCSwiftPackageProductDependency section */
	};
	rootObject = 9F6851E3285823E6003B7876 /* Project object */;
}
